
Microsoft Visual Studio Solution File, Format Version 12.00
# Visual Studio Version 17
VisualStudioVersion = 17.8.34330.188
MinimumVisualStudioVersion = 10.0.40219.1
Project("{9A19103F-16F7-4668-BE54-9A1E7A4F7556}") = "MagicVilla_VillaAPI", "MagicVilla_VillaAPI\MagicVilla_VillaAPI.csproj", "{F86FBE05-AA83-4555-83B3-FD82B76AE725}"
EndProject
Project("{FAE04EC0-301F-11D3-BF4B-00C04F79EFBC}") = "MagicVilla_Web", "MagicVilla_Web\MagicVilla_Web.csproj", "{437F2E4F-BE3C-48EB-9754-66AA0FAA4585}"
EndProject
Project("{FAE04EC0-301F-11D3-BF4B-00C04F79EFBC}") = "MagicVilla_Utility", "MagicVilla_Utility\MagicVilla_Utility.csproj", "{3AA51A13-C6B8-42E1-B796-E6A8933513E4}"
EndProject
Global
	GlobalSection(SolutionConfigurationPlatforms) = preSolution
		Debug|Any CPU = Debug|Any CPU
		Release|Any CPU = Release|Any CPU
	EndGlobalSection
	GlobalSection(ProjectConfigurationPlatforms) = postSolution
		{F86FBE05-AA83-4555-83B3-FD82B76AE725}.Debug|Any CPU.ActiveCfg = Debug|Any CPU
		{F86FBE05-AA83-4555-83B3-FD82B76AE725}.Debug|Any CPU.Build.0 = Debug|Any CPU
		{F86FBE05-AA83-4555-83B3-FD82B76AE725}.Release|Any CPU.ActiveCfg = Release|Any CPU
		{F86FBE05-AA83-4555-83B3-FD82B76AE725}.Release|Any CPU.Build.0 = Release|Any CPU
		{437F2E4F-BE3C-48EB-9754-66AA0FAA4585}.Debug|Any CPU.ActiveCfg = Debug|Any CPU
		{437F2E4F-BE3C-48EB-9754-66AA0FAA4585}.Debug|Any CPU.Build.0 = Debug|Any CPU
		{437F2E4F-BE3C-48EB-9754-66AA0FAA4585}.Release|Any CPU.ActiveCfg = Release|Any CPU
		{437F2E4F-BE3C-48EB-9754-66AA0FAA4585}.Release|Any CPU.Build.0 = Release|Any CPU
		{3AA51A13-C6B8-42E1-B796-E6A8933513E4}.Debug|Any CPU.ActiveCfg = Debug|Any CPU
		{3AA51A13-C6B8-42E1-B796-E6A8933513E4}.Debug|Any CPU.Build.0 = Debug|Any CPU
		{3AA51A13-C6B8-42E1-B796-E6A8933513E4}.Release|Any CPU.ActiveCfg = Release|Any CPU
		{3AA51A13-C6B8-42E1-B796-E6A8933513E4}.Release|Any CPU.Build.0 = Release|Any CPU
	EndGlobalSection
	GlobalSection(SolutionProperties) = preSolution
		HideSolutionNode = FALSE
	EndGlobalSection
EndGlobal
